
Microsoft Visual Studio Solution File, Format Version 12.00
# Visual Studio Version 16
VisualStudioVersion = 16.0.810.17
MinimumVisualStudioVersion = 10.0.40219.1
Project("{FAE04EC0-301F-11D3-BF4B-00C04F79EFBC}") = "MethodExercise", "MethodExercise\MethodExercise.csproj", "{CECBDCB1-89A4-46B8-98C6-36F3A516B910}"
EndProject
Global
	GlobalSection(SolutionConfigurationPlatforms) = preSolution
		Debug|Any CPU = Debug|Any CPU
		Release|Any CPU = Release|Any CPU
	EndGlobalSection
	GlobalSection(ProjectConfigurationPlatforms) = postSolution
		{CECBDCB1-89A4-46B8-98C6-36F3A516B910}.Debug|Any CPU.ActiveCfg = Debug|Any CPU
		{CECBDCB1-89A4-46B8-98C6-36F3A516B910}.Debug|Any CPU.Build.0 = Debug|Any CPU
		{CECBDCB1-89A4-46B8-98C6-36F3A516B910}.Release|Any CPU.ActiveCfg = Release|Any CPU
		{CECBDCB1-89A4-46B8-98C6-36F3A516B910}.Release|Any CPU.Build.0 = Release|Any CPU
	EndGlobalSection
	GlobalSection(SolutionProperties) = preSolution
		HideSolutionNode = FALSE
	EndGlobalSection
	GlobalSection(ExtensibilityGlobals) = postSolution
		SolutionGuid = {EE9A91F1-0747-4DDE-A3DF-6E3CDDD9F056}
	EndGlobalSection
EndGlobal
